{
  "name": "express-typescript",
  "version": "1.0.0",
  "lockfileVersion": 1,
  "requires": true,
  "dependencies": {
    "@types/bson": {
      "version": "1.0.3",
      "resolved": "https://registry.npmjs.org/@types/bson/-/bson-1.0.3.tgz",
      "integrity": "sha1-bCbwh2v52Muwbt1AGeKTVL86A+A=",
      "requires": {
        "@types/node": "8.0.17"
      }
    },
    "@types/express": {
      "version": "4.0.36",
      "resolved": "https://registry.npmjs.org/@types/express/-/express-4.0.36.tgz",
      "integrity": "sha512-bT9q2eqH/E72AGBQKT50dh6AXzheTqigGZ1GwDiwmx7vfHff0bZOrvUWjvGpNWPNkRmX1vDF6wonG6rlpBHb1A==",
      "requires": {
        "@types/express-serve-static-core": "4.0.49",
        "@types/serve-static": "1.7.31"
      }
    },
    "@types/express-serve-static-core": {
      "version": "4.0.49",
      "resolved": "https://registry.npmjs.org/@types/express-serve-static-core/-/express-serve-static-core-4.0.49.tgz",
      "integrity": "sha512-b7mVHoURu1xaP/V6xw1sYwyv9V0EZ7euyi+sdnbnTZxEkAh4/hzPsI6Eflq+ZzHQ/Tgl7l16Jz+0oz8F46MLnA==",
      "requires": {
        "@types/node": "8.0.17"
      }
    },
    "@types/mime": {
      "version": "1.3.1",
      "resolved": "https://registry.npmjs.org/@types/mime/-/mime-1.3.1.tgz",
      "integrity": "sha512-rek8twk9C58gHYqIrUlJsx8NQMhlxqHzln9Z9ODqiNgv3/s+ZwIrfr+djqzsnVM12xe9hL98iJ20lj2RvCBv6A=="
    },
    "@types/mongodb": {
      "version": "2.2.7",
      "resolved": "https://registry.npmjs.org/@types/mongodb/-/mongodb-2.2.7.tgz",
      "integrity": "sha512-ckuHaelFeqjytOQWbjcHOHmB8bjnHAiJwJssPT23IohF5UO+nDHS8Bgfdyk7cvVSVRD9wmEiGt41nec0FRYBSQ==",
      "requires": {
        "@types/bson": "1.0.3",
        "@types/node": "8.0.17"
      }
    },
    "@types/mongoose": {
      "version": "4.7.19",
      "resolved": "https://registry.npmjs.org/@types/mongoose/-/mongoose-4.7.19.tgz",
      "integrity": "sha512-gZR6Z6hSnt7/dEhoWTbZkRAM1769nQh9qJsKJ+EF3y3X72Jk4mhr0ZH7wIEyGv6d/5HRCOChZYG7/nQCW1pN6g==",
      "requires": {
        "@types/mongodb": "2.2.7",
        "@types/node": "8.0.17"
      }
    },
    "@types/node": {
      "version": "8.0.17",
      "resolved": "https://registry.npmjs.org/@types/node/-/node-8.0.17.tgz",
      "integrity": "sha512-iq0LxqG6P9GV/2bVA2AQAQ58NvneLdVDVs9dJ+88Jk6gDK9opNC0SushdYqlAyvxo0dk0NJjTKCenq/l3AKtuA=="
    },
    "@types/serve-static": {
      "version": "1.7.31",
      "resolved": "https://registry.npmjs.org/@types/serve-static/-/serve-static-1.7.31.tgz",
      "integrity": "sha1-FUVt6NmNa0z/Mb5savdJKuY/Uho=",
      "requires": {
        "@types/express-serve-static-core": "4.0.49",
        "@types/mime": "1.3.1"
      }
    },
    "typescript": {
      "version": "2.4.2",
      "resolved": "https://registry.npmjs.org/typescript/-/typescript-2.4.2.tgz",
      "integrity": "sha1-+DlfhdRZJ2BnyYiqQYN6j4KHCEQ=",
      "dev": true
    }
  }
}
